// !$*UTF8*$!
{
	archiveVersion = 1;
	classes = {
	};
	objectVersion = 55;
	objects = {

/* Begin PBXBuildFile section */
		C9E1C4702738EFE900B2B12A /* AppDelegate.swift in Sources */ = {isa = PBXBuildFile; fileRef = C9E1C46F2738EFE900B2B12A /* AppDelegate.swift */; };
		C9E1C4722738EFE900B2B12A /* SceneDelegate.swift in Sources */ = {isa = PBXBuildFile; fileRef = C9E1C4712738EFE900B2B12A /* SceneDelegate.swift */; };
		C9E1C4772738EFE900B2B12A /* Main.storyboard in Resources */ = {isa = PBXBuildFile; fileRef = C9E1C4752738EFE900B2B12A /* Main.storyboard */; };
		C9E1C47A2738EFE900B2B12A /* testLocalNotification.xcdatamodeld in Sources */ = {isa = PBXBuildFile; fileRef = C9E1C4782738EFE900B2B12A /* testLocalNotification.xcdatamodeld */; };
		C9E1C47C2738EFED00B2B12A /* Assets.xcassets in Resources */ = {isa = PBXBuildFile; fileRef = C9E1C47B2738EFED00B2B12A /* Assets.xcassets */; };
		C9E1C47F2738EFED00B2B12A /* LaunchScreen.storyboard in Resources */ = {isa = PBXBuildFile; fileRef = C9E1C47D2738EFED00B2B12A /* LaunchScreen.storyboard */; };
		C9E1C4872738F63500B2B12A /* BasicLocalNotificationViewController.swift in Sources */ = {isa = PBXBuildFile; fileRef = C9E1C4862738F63500B2B12A /* BasicLocalNotificationViewController.swift */; };
		C9E1C4892738FB4C00B2B12A /* alarm-clock.png in Resources */ = {isa = PBXBuildFile; fileRef = C9E1C4882738FB4C00B2B12A /* alarm-clock.png */; };
		C9E1C48B27390AC200B2B12A /* bensound-sunny-cut.mp3 in Resources */ = {isa = PBXBuildFile; fileRef = C9E1C48A27390AC200B2B12A /* bensound-sunny-cut.mp3 */; };
		C9E1C48D273916DF00B2B12A /* CustomNotificationSoundViewController.swift in Sources */ = {isa = PBXBuildFile; fileRef = C9E1C48C273916DF00B2B12A /* CustomNotificationSoundViewController.swift */; };
		C9E1C4922739191B00B2B12A /* bensound-ukulele-cut.mp3 in Resources */ = {isa = PBXBuildFile; fileRef = C9E1C48E2739191B00B2B12A /* bensound-ukulele-cut.mp3 */; };
		C9E1C4932739191B00B2B12A /* bensound-onceagain-cut.mp3 in Resources */ = {isa = PBXBuildFile; fileRef = C9E1C48F2739191B00B2B12A /* bensound-onceagain-cut.mp3 */; };
		C9E1C4942739191B00B2B12A /* bensound-clearday-cut.mp3 in Resources */ = {isa = PBXBuildFile; fileRef = C9E1C4902739191B00B2B12A /* bensound-clearday-cut.mp3 */; };
		C9E1C4952739191B00B2B12A /* bensound-littleidea-cut.mp3 in Resources */ = {isa = PBXBuildFile; fileRef = C9E1C4912739191B00B2B12A /* bensound-littleidea-cut.mp3 */; };
		C9E1C4972739192C00B2B12A /* mixkit-tick-tock-clock-timer-1045.wav in Resources */ = {isa = PBXBuildFile; fileRef = C9E1C4962739192C00B2B12A /* mixkit-tick-tock-clock-timer-1045.wav */; };
		C9E1C49B2739809500B2B12A /* NotificationByTimeIntervalTriggerViewController.swift in Sources */ = {isa = PBXBuildFile; fileRef = C9E1C49A2739809500B2B12A /* NotificationByTimeIntervalTriggerViewController.swift */; };
		C9E1C49F2739854D00B2B12A /* NotificationForSpecificDateViewController.swift in Sources */ = {isa = PBXBuildFile; fileRef = C9E1C49E2739854D00B2B12A /* NotificationForSpecificDateViewController.swift */; };
		C9E1C4A12739857600B2B12A /* NotificationForRepeatWeekViewController.swift in Sources */ = {isa = PBXBuildFile; fileRef = C9E1C4A02739857600B2B12A /* NotificationForRepeatWeekViewController.swift */; };
/* End PBXBuildFile section */

/* Begin PBXFileReference section */
		C9E1C46C2738EFE900B2B12A /* testLocalNotification.app */ = {isa = PBXFileReference; explicitFileType = wrapper.application; includeInIndex = 0; path = testLocalNotification.app; sourceTree = BUILT_PRODUCTS_DIR; };
		C9E1C46F2738EFE900B2B12A /* AppDelegate.swift */ = {isa = PBXFileReference; lastKnownFileType = sourcecode.swift; path = AppDelegate.swift; sourceTree = "<group>"; };
		C9E1C4712738EFE900B2B12A /* SceneDelegate.swift */ = {isa = PBXFileReference; lastKnownFileType = sourcecode.swift; path = SceneDelegate.swift; sourceTree = "<group>"; };
		C9E1C4762738EFE900B2B12A /* Base */ = {isa = PBXFileReference; lastKnownFileType = file.storyboard; name = Base; path = Base.lproj/Main.storyboard; sourceTree = "<group>"; };
		C9E1C4792738EFE900B2B12A /* testLocalNotification.xcdatamodel */ = {isa = PBXFileReference; lastKnownFileType = wrapper.xcdatamodel; path = testLocalNotification.xcdatamodel; sourceTree = "<group>"; };
		C9E1C47B2738EFED00B2B12A /* Assets.xcassets */ = {isa = PBXFileReference; lastKnownFileType = folder.assetcatalog; path = Assets.xcassets; sourceTree = "<group>"; };
		C9E1C47E2738EFED00B2B12A /* Base */ = {isa = PBXFileReference; lastKnownFileType = file.storyboard; name = Base; path = Base.lproj/LaunchScreen.storyboard; sourceTree = "<group>"; };
		C9E1C4802738EFED00B2B12A /* Info.plist */ = {isa = PBXFileReference; lastKnownFileType = text.plist.xml; path = Info.plist; sourceTree = "<group>"; };
		C9E1C4862738F63500B2B12A /* BasicLocalNotificationViewController.swift */ = {isa = PBXFileReference; lastKnownFileType = sourcecode.swift; path = BasicLocalNotificationViewController.swift; sourceTree = "<group>"; };
		C9E1C4882738FB4C00B2B12A /* alarm-clock.png */ = {isa = PBXFileReference; lastKnownFileType = image.png; path = "alarm-clock.png"; sourceTree = "<group>"; };
		C9E1C48A27390AC200B2B12A /* bensound-sunny-cut.mp3 */ = {isa = PBXFileReference; lastKnownFileType = audio.mp3; path = "bensound-sunny-cut.mp3"; sourceTree = "<group>"; };
		C9E1C48C273916DF00B2B12A /* CustomNotificationSoundViewController.swift */ = {isa = PBXFileReference; lastKnownFileType = sourcecode.swift; path = CustomNotificationSoundViewController.swift; sourceTree = "<group>"; };
		C9E1C48E2739191B00B2B12A /* bensound-ukulele-cut.mp3 */ = {isa = PBXFileReference; lastKnownFileType = audio.mp3; path = "bensound-ukulele-cut.mp3"; sourceTree = "<group>"; };
		C9E1C48F2739191B00B2B12A /* bensound-onceagain-cut.mp3 */ = {isa = PBXFileReference; lastKnownFileType = audio.mp3; path = "bensound-onceagain-cut.mp3"; sourceTree = "<group>"; };
		C9E1C4902739191B00B2B12A /* bensound-clearday-cut.mp3 */ = {isa = PBXFileReference; lastKnownFileType = audio.mp3; path = "bensound-clearday-cut.mp3"; sourceTree = "<group>"; };
		C9E1C4912739191B00B2B12A /* bensound-littleidea-cut.mp3 */ = {isa = PBXFileReference; lastKnownFileType = audio.mp3; path = "bensound-littleidea-cut.mp3"; sourceTree = "<group>"; };
		C9E1C4962739192C00B2B12A /* mixkit-tick-tock-clock-timer-1045.wav */ = {isa = PBXFileReference; lastKnownFileType = audio.wav; path = "mixkit-tick-tock-clock-timer-1045.wav"; sourceTree = "<group>"; };
		C9E1C49A2739809500B2B12A /* NotificationByTimeIntervalTriggerViewController.swift */ = {isa = PBXFileReference; lastKnownFileType = sourcecode.swift; path = NotificationByTimeIntervalTriggerViewController.swift; sourceTree = "<group>"; };
		C9E1C49E2739854D00B2B12A /* NotificationForSpecificDateViewController.swift */ = {isa = PBXFileReference; lastKnownFileType = sourcecode.swift; path = NotificationForSpecificDateViewController.swift; sourceTree = "<group>"; };
		C9E1C4A02739857600B2B12A /* NotificationForRepeatWeekViewController.swift */ = {isa = PBXFileReference; lastKnownFileType = sourcecode.swift; path = NotificationForRepeatWeekViewController.swift; sourceTree = "<group>"; };
/* End PBXFileReference section */

/* Begin PBXFrameworksBuildPhase section */
		C9E1C4692738EFE900B2B12A /* Frameworks */ = {
			isa = PBXFrameworksBuildPhase;
			buildActionMask = 2147483647;
			files = (
			);
			runOnlyForDeploymentPostprocessing = 0;
		};
/* End PBXFrameworksBuildPhase section */

/* Begin PBXGroup section */
		C9E1C4632738EFE900B2B12A = {
			isa = PBXGroup;
			children = (
				C9E1C46E2738EFE900B2B12A /* testLocalNotification */,
				C9E1C46D2738EFE900B2B12A /* Products */,
			);
			sourceTree = "<group>";
		};
		C9E1C46D2738EFE900B2B12A /* Products */ = {
			isa = PBXGroup;
			children = (
				C9E1C46C2738EFE900B2B12A /* testLocalNotification.app */,
			);
			name = Products;
			sourceTree = "<group>";
		};
		C9E1C46E2738EFE900B2B12A /* testLocalNotification */ = {
			isa = PBXGroup;
			children = (
				C9E1C48A27390AC200B2B12A /* bensound-sunny-cut.mp3 */,
				C9E1C4902739191B00B2B12A /* bensound-clearday-cut.mp3 */,
				C9E1C4912739191B00B2B12A /* bensound-littleidea-cut.mp3 */,
				C9E1C48F2739191B00B2B12A /* bensound-onceagain-cut.mp3 */,
				C9E1C48E2739191B00B2B12A /* bensound-ukulele-cut.mp3 */,
				C9E1C4962739192C00B2B12A /* mixkit-tick-tock-clock-timer-1045.wav */,
				C9E1C4882738FB4C00B2B12A /* alarm-clock.png */,
				C9E1C46F2738EFE900B2B12A /* AppDelegate.swift */,
				C9E1C4712738EFE900B2B12A /* SceneDelegate.swift */,
				C9E1C4752738EFE900B2B12A /* Main.storyboard */,
				C9E1C4862738F63500B2B12A /* BasicLocalNotificationViewController.swift */,
				C9E1C49A2739809500B2B12A /* NotificationByTimeIntervalTriggerViewController.swift */,
				C9E1C48C273916DF00B2B12A /* CustomNotificationSoundViewController.swift */,
				C9E1C49E2739854D00B2B12A /* NotificationForSpecificDateViewController.swift */,
				C9E1C4A02739857600B2B12A /* NotificationForRepeatWeekViewController.swift */,
				C9E1C47B2738EFED00B2B12A /* Assets.xcassets */,
				C9E1C47D2738EFED00B2B12A /* LaunchScreen.storyboard */,
				C9E1C4802738EFED00B2B12A /* Info.plist */,
				C9E1C4782738EFE900B2B12A /* testLocalNotification.xcdatamodeld */,
			);
			path = testLocalNotification;
			sourceTree = "<group>";
		};
/* End PBXGroup section */

/* Begin PBXNativeTarget section */
		C9E1C46B2738EFE900B2B12A /* testLocalNotification */ = {
			isa = PBXNativeTarget;
			buildConfigurationList = C9E1C4832738EFED00B2B12A /* Build configuration list for PBXNativeTarget "testLocalNotification" */;
			buildPhases = (
				C9E1C4682738EFE900B2B12A /* Sources */,
				C9E1C4692738EFE900B2B12A /* Frameworks */,
				C9E1C46A2738EFE900B2B12A /* Resources */,
			);
			buildRules = (
			);
			dependencies = (
			);
			name = testLocalNotification;
			productName = testLocalNotification;
			productReference = C9E1C46C2738EFE900B2B12A /* testLocalNotification.app */;
			productType = "com.apple.product-type.application";
		};
/* End PBXNativeTarget section */

/* Begin PBXProject section */
		C9E1C4642738EFE900B2B12A /* Project object */ = {
			isa = PBXProject;
			attributes = {
				BuildIndependentTargetsInParallel = 1;
				LastSwiftUpdateCheck = 1300;
				LastUpgradeCheck = 1300;
				TargetAttributes = {
					C9E1C46B2738EFE900B2B12A = {
						CreatedOnToolsVersion = 13.0;
					};
				};
			};
			buildConfigurationList = C9E1C4672738EFE900B2B12A /* Build configuration list for PBXProject "testLocalNotification" */;
			compatibilityVersion = "Xcode 13.0";
			developmentRegion = en;
			hasScannedForEncodings = 0;
			knownRegions = (
				en,
				Base,
			);
			mainGroup = C9E1C4632738EFE900B2B12A;
			productRefGroup = C9E1C46D2738EFE900B2B12A /* Products */;
			projectDirPath = "";
			projectRoot = "";
			targets = (
				C9E1C46B2738EFE900B2B12A /* testLocalNotification */,
			);
		};
/* End PBXProject section */

/* Begin PBXResourcesBuildPhase section */
		C9E1C46A2738EFE900B2B12A /* Resources */ = {
			isa = PBXResourcesBuildPhase;
			buildActionMask = 2147483647;
			files = (
				C9E1C4942739191B00B2B12A /* bensound-clearday-cut.mp3 in Resources */,
				C9E1C4932739191B00B2B12A /* bensound-onceagain-cut.mp3 in Resources */,
				C9E1C4892738FB4C00B2B12A /* alarm-clock.png in Resources */,
				C9E1C4952739191B00B2B12A /* bensound-littleidea-cut.mp3 in Resources */,
				C9E1C47F2738EFED00B2B12A /* LaunchScreen.storyboard in Resources */,
				C9E1C47C2738EFED00B2B12A /* Assets.xcassets in Resources */,
				C9E1C4922739191B00B2B12A /* bensound-ukulele-cut.mp3 in Resources */,
				C9E1C4772738EFE900B2B12A /* Main.storyboard in Resources */,
				C9E1C48B27390AC200B2B12A /* bensound-sunny-cut.mp3 in Resources */,
				C9E1C4972739192C00B2B12A /* mixkit-tick-tock-clock-timer-1045.wav in Resources */,
			);
			runOnlyForDeploymentPostprocessing = 0;
		};
/* End PBXResourcesBuildPhase section */

/* Begin PBXSourcesBuildPhase section */
		C9E1C4682738EFE900B2B12A /* Sources */ = {
			isa = PBXSourcesBuildPhase;
			buildActionMask = 2147483647;
			files = (
				C9E1C4872738F63500B2B12A /* BasicLocalNotificationViewController.swift in Sources */,
				C9E1C47A2738EFE900B2B12A /* testLocalNotification.xcdatamodeld in Sources */,
				C9E1C49F2739854D00B2B12A /* NotificationForSpecificDateViewController.swift in Sources */,
				C9E1C4702738EFE900B2B12A /* AppDelegate.swift in Sources */,
				C9E1C49B2739809500B2B12A /* NotificationByTimeIntervalTriggerViewController.swift in Sources */,
				C9E1C48D273916DF00B2B12A /* CustomNotificationSoundViewController.swift in Sources */,
				C9E1C4A12739857600B2B12A /* NotificationForRepeatWeekViewController.swift in Sources */,
				C9E1C4722738EFE900B2B12A /* SceneDelegate.swift in Sources */,
			);
			runOnlyForDeploymentPostprocessing = 0;
		};
/* End PBXSourcesBuildPhase section */

/* Begin PBXVariantGroup section */
		C9E1C4752738EFE900B2B12A /* Main.storyboard */ = {
			isa = PBXVariantGroup;
			children = (
				C9E1C4762738EFE900B2B12A /* Base */,
			);
			name = Main.storyboard;
			sourceTree = "<group>";
		};
		C9E1C47D2738EFED00B2B12A /* LaunchScreen.storyboard */ = {
			isa = PBXVariantGroup;
			children = (
				C9E1C47E2738EFED00B2B12A /* Base */,
			);
			name = LaunchScreen.storyboard;
			sourceTree = "<group>";
		};
/* End PBXVariantGroup section */

/* Begin XCBuildConfiguration section */
		C9E1C4812738EFED00B2B12A /* Debug */ = {
			isa = XCBuildConfiguration;
			buildSettings = {
				ALWAYS_SEARCH_USER_PATHS = NO;
				CLANG_ANALYZER_NONNULL = YES;
				CLANG_ANALYZER_NUMBER_OBJECT_CONVERSION = YES_AGGRESSIVE;
				CLANG_CXX_LANGUAGE_STANDARD = "gnu++17";
				CLANG_CXX_LIBRARY = "libc++";
				CLANG_ENABLE_MODULES = YES;
				CLANG_ENABLE_OBJC_ARC = YES;
				CLANG_ENABLE_OBJC_WEAK = YES;
				CLANG_WARN_BLOCK_CAPTURE_AUTORELEASING = YES;
				CLANG_WARN_BOOL_CONVERSION = YES;
				CLANG_WARN_COMMA = YES;
				CLANG_WARN_CONSTANT_CONVERSION = YES;
				CLANG_WARN_DEPRECATED_OBJC_IMPLEMENTATIONS = YES;
				CLANG_WARN_DIRECT_OBJC_ISA_USAGE = YES_ERROR;
				CLANG_WARN_DOCUMENTATION_COMMENTS = YES;
				CLANG_WARN_EMPTY_BODY = YES;
				CLANG_WARN_ENUM_CONVERSION = YES;
				CLANG_WARN_INFINITE_RECURSION = YES;
				CLANG_WARN_INT_CONVERSION = YES;
				CLANG_WARN_NON_LITERAL_NULL_CONVERSION = YES;
				CLANG_WARN_OBJC_IMPLICIT_RETAIN_SELF = YES;
				CLANG_WARN_OBJC_LITERAL_CONVERSION = YES;
				CLANG_WARN_OBJC_ROOT_CLASS = YES_ERROR;
				CLANG_WARN_QUOTED_INCLUDE_IN_FRAMEWORK_HEADER = YES;
				CLANG_WARN_RANGE_LOOP_ANALYSIS = YES;
				CLANG_WARN_STRICT_PROTOTYPES = YES;
				CLANG_WARN_SUSPICIOUS_MOVE = YES;
				CLANG_WARN_UNGUARDED_AVAILABILITY = YES_AGGRESSIVE;
				CLANG_WARN_UNREACHABLE_CODE = YES;
				CLANG_WARN__DUPLICATE_METHOD_MATCH = YES;
				COPY_PHASE_STRIP = NO;
				DEBUG_INFORMATION_FORMAT = dwarf;
				ENABLE_STRICT_OBJC_MSGSEND = YES;
				ENABLE_TESTABILITY = YES;
				GCC_C_LANGUAGE_STANDARD = gnu11;
				GCC_DYNAMIC_NO_PIC = NO;
				GCC_NO_COMMON_BLOCKS = YES;
				GCC_OPTIMIZATION_LEVEL = 0;
				GCC_PREPROCESSOR_DEFINITIONS = (
					"DEBUG=1",
					"$(inherited)",
				);
				GCC_WARN_64_TO_32_BIT_CONVERSION = YES;
				GCC_WARN_ABOUT_RETURN_TYPE = YES_ERROR;
				GCC_WARN_UNDECLARED_SELECTOR = YES;
				GCC_WARN_UNINITIALIZED_AUTOS = YES_AGGRESSIVE;
				GCC_WARN_UNUSED_FUNCTION = YES;
				GCC_WARN_UNUSED_VARIABLE = YES;
				IPHONEOS_DEPLOYMENT_TARGET = 15.0;
				MTL_ENABLE_DEBUG_INFO = INCLUDE_SOURCE;
				MTL_FAST_MATH = YES;
				ONLY_ACTIVE_ARCH = YES;
				SDKROOT = iphoneos;
				SWIFT_ACTIVE_COMPILATION_CONDITIONS = DEBUG;
				SWIFT_OPTIMIZATION_LEVEL = "-Onone";
			};
			name = Debug;
		};
		C9E1C4822738EFED00B2B12A /* Release */ = {
			isa = XCBuildConfiguration;
			buildSettings = {
				ALWAYS_SEARCH_USER_PATHS = NO;
				CLANG_ANALYZER_NONNULL = YES;
				CLANG_ANALYZER_NUMBER_OBJECT_CONVERSION = YES_AGGRESSIVE;
				CLANG_CXX_LANGUAGE_STANDARD = "gnu++17";
				CLANG_CXX_LIBRARY = "libc++";
				CLANG_ENABLE_MODULES = YES;
				CLANG_ENABLE_OBJC_ARC = YES;
				CLANG_ENABLE_OBJC_WEAK = YES;
				CLANG_WARN_BLOCK_CAPTURE_AUTORELEASING = YES;
				CLANG_WARN_BOOL_CONVERSION = YES;
				CLANG_WARN_COMMA = YES;
				CLANG_WARN_CONSTANT_CONVERSION = YES;
				CLANG_WARN_DEPRECATED_OBJC_IMPLEMENTATIONS = YES;
				CLANG_WARN_DIRECT_OBJC_ISA_USAGE = YES_ERROR;
				CLANG_WARN_DOCUMENTATION_COMMENTS = YES;
				CLANG_WARN_EMPTY_BODY = YES;
				CLANG_WARN_ENUM_CONVERSION = YES;
				CLANG_WARN_INFINITE_RECURSION = YES;
				CLANG_WARN_INT_CONVERSION = YES;
				CLANG_WARN_NON_LITERAL_NULL_CONVERSION = YES;
				CLANG_WARN_OBJC_IMPLICIT_RETAIN_SELF = YES;
				CLANG_WARN_OBJC_LITERAL_CONVERSION = YES;
				CLANG_WARN_OBJC_ROOT_CLASS = YES_ERROR;
				CLANG_WARN_QUOTED_INCLUDE_IN_FRAMEWORK_HEADER = YES;
				CLANG_WARN_RANGE_LOOP_ANALYSIS = YES;
				CLANG_WARN_STRICT_PROTOTYPES = YES;
				CLANG_WARN_SUSPICIOUS_MOVE = YES;
				CLANG_WARN_UNGUARDED_AVAILABILITY = YES_AGGRESSIVE;
				CLANG_WARN_UNREACHABLE_CODE = YES;
				CLANG_WARN__DUPLICATE_METHOD_MATCH = YES;
				COPY_PHASE_STRIP = NO;
				DEBUG_INFORMATION_FORMAT = "dwarf-with-dsym";
				ENABLE_NS_ASSERTIONS = NO;
				ENABLE_STRICT_OBJC_MSGSEND = YES;
				GCC_C_LANGUAGE_STANDARD = gnu11;
				GCC_NO_COMMON_BLOCKS = YES;
				GCC_WARN_64_TO_32_BIT_CONVERSION = YES;
				GCC_WARN_ABOUT_RETURN_TYPE = YES_ERROR;
				GCC_WARN_UNDECLARED_SELECTOR = YES;
				GCC_WARN_UNINITIALIZED_AUTOS = YES_AGGRESSIVE;
				GCC_WARN_UNUSED_FUNCTION = YES;
				GCC_WARN_UNUSED_VARIABLE = YES;
				IPHONEOS_DEPLOYMENT_TARGET = 15.0;
				MTL_ENABLE_DEBUG_INFO = NO;
				MTL_FAST_MATH = YES;
				SDKROOT = iphoneos;
				SWIFT_COMPILATION_MODE = wholemodule;
				SWIFT_OPTIMIZATION_LEVEL = "-O";
				VALIDATE_PRODUCT = YES;
			};
			name = Release;
		};
		C9E1C4842738EFED00B2B12A /* Debug */ = {
			isa = XCBuildConfiguration;
			buildSettings = {
				ASSETCATALOG_COMPILER_APPICON_NAME = AppIcon;
				ASSETCATALOG_COMPILER_GLOBAL_ACCENT_COLOR_NAME = AccentColor;
				CODE_SIGN_STYLE = Automatic;
				CURRENT_PROJECT_VERSION = 1;
				DEVELOPMENT_TEAM = KZ4YU874PU;
				GENERATE_INFOPLIST_FILE = YES;
				INFOPLIST_FILE = testLocalNotification/Info.plist;
				INFOPLIST_KEY_UIApplicationSupportsIndirectInputEvents = YES;
				INFOPLIST_KEY_UILaunchStoryboardName = LaunchScreen;
				INFOPLIST_KEY_UIMainStoryboardFile = Main;
				INFOPLIST_KEY_UISupportedInterfaceOrientations_iPad = "UIInterfaceOrientationPortrait UIInterfaceOrientationPortraitUpsideDown UIInterfaceOrientationLandscapeLeft UIInterfaceOrientationLandscapeRight";
				INFOPLIST_KEY_UISupportedInterfaceOrientations_iPhone = "UIInterfaceOrientationPortrait UIInterfaceOrientationLandscapeLeft UIInterfaceOrientationLandscapeRight";
				IPHONEOS_DEPLOYMENT_TARGET = 15.0;
				LD_RUNPATH_SEARCH_PATHS = (
					"$(inherited)",
					"@executable_path/Frameworks",
				);
				MARKETING_VERSION = 1.0;
				PRODUCT_BUNDLE_IDENTIFIER = com.patty.TestLocalNotification123;
				PRODUCT_NAME = "$(TARGET_NAME)";
				SWIFT_EMIT_LOC_STRINGS = YES;
				SWIFT_VERSION = 5.0;
				TARGETED_DEVICE_FAMILY = "1,2";
			};
			name = Debug;
		};
		C9E1C4852738EFED00B2B12A /* Release */ = {
			isa = XCBuildConfiguration;
			buildSettings = {
				ASSETCATALOG_COMPILER_APPICON_NAME = AppIcon;
				ASSETCATALOG_COMPILER_GLOBAL_ACCENT_COLOR_NAME = AccentColor;
				CODE_SIGN_STYLE = Automatic;
				CURRENT_PROJECT_VERSION = 1;
				DEVELOPMENT_TEAM = KZ4YU874PU;
				GENERATE_INFOPLIST_FILE = YES;
				INFOPLIST_FILE = testLocalNotification/Info.plist;
				INFOPLIST_KEY_UIApplicationSupportsIndirectInputEvents = YES;
				INFOPLIST_KEY_UILaunchStoryboardName = LaunchScreen;
				INFOPLIST_KEY_UIMainStoryboardFile = Main;
				INFOPLIST_KEY_UISupportedInterfaceOrientations_iPad = "UIInterfaceOrientationPortrait UIInterfaceOrientationPortraitUpsideDown UIInterfaceOrientationLandscapeLeft UIInterfaceOrientationLandscapeRight";
				INFOPLIST_KEY_UISupportedInterfaceOrientations_iPhone = "UIInterfaceOrientationPortrait UIInterfaceOrientationLandscapeLeft UIInterfaceOrientationLandscapeRight";
				IPHONEOS_DEPLOYMENT_TARGET = 15.0;
				LD_RUNPATH_SEARCH_PATHS = (
					"$(inherited)",
					"@executable_path/Frameworks",
				);
				MARKETING_VERSION = 1.0;
				PRODUCT_BUNDLE_IDENTIFIER = com.patty.TestLocalNotification123;
				PRODUCT_NAME = "$(TARGET_NAME)";
				SWIFT_EMIT_LOC_STRINGS = YES;
				SWIFT_VERSION = 5.0;
				TARGETED_DEVICE_FAMILY = "1,2";
			};
			name = Release;
		};
/* End XCBuildConfiguration section */

/* Begin XCConfigurationList section */
		C9E1C4672738EFE900B2B12A /* Build configuration list for PBXProject "testLocalNotification" */ = {
			isa = XCConfigurationList;
			buildConfigurations = (
				C9E1C4812738EFED00B2B12A /* Debug */,
				C9E1C4822738EFED00B2B12A /* Release */,
			);
			defaultConfigurationIsVisible = 0;
			defaultConfigurationName = Release;
		};
		C9E1C4832738EFED00B2B12A /* Build configuration list for PBXNativeTarget "testLocalNotification" */ = {
			isa = XCConfigurationList;
			buildConfigurations = (
				C9E1C4842738EFED00B2B12A /* Debug */,
				C9E1C4852738EFED00B2B12A /* Release */,
			);
			defaultConfigurationIsVisible = 0;
			defaultConfigurationName = Release;
		};
/* End XCConfigurationList section */

/* Begin XCVersionGroup section */
		C9E1C4782738EFE900B2B12A /* testLocalNotification.xcdatamodeld */ = {
			isa = XCVersionGroup;
			children = (
				C9E1C4792738EFE900B2B12A /* testLocalNotification.xcdatamodel */,
			);
			currentVersion = C9E1C4792738EFE900B2B12A /* testLocalNotification.xcdatamodel */;
			path = testLocalNotification.xcdatamodeld;
			sourceTree = "<group>";
			versionGroupType = wrapper.xcdatamodel;
		};
/* End XCVersionGroup section */
	};
	rootObject = C9E1C4642738EFE900B2B12A /* Project object */;
}
